
Microsoft Visual Studio Solution File, Format Version 12.00
# Visual Studio Version 16
VisualStudioVersion = 16.0.31410.357
MinimumVisualStudioVersion = 10.0.40219.1
Project("{FAE04EC0-301F-11D3-BF4B-00C04F79EFBC}") = "HighFive.SmartCity.API", "smartcity_highfive\HighFive.SmartCity.API.csproj", "{5A9E36BB-4DDA-4B3B-9C8F-96E1D526D68B}"
EndProject
Project("{2150E333-8FDC-42A3-9474-1A3956D46DE8}") = "04_Infra", "04_Infra", "{99906BA9-F390-4459-9E2F-14340A2E4279}"
EndProject
Project("{FAE04EC0-301F-11D3-BF4B-00C04F79EFBC}") = "HighFive.SmartiCity.Infra.DB", "HighFive.SmartiCity.Infra.DB\HighFive.SmartiCity.Infra.DB.csproj", "{B2F761AE-75B6-4B99-8C73-F1F76211A91A}"
EndProject
Project("{2150E333-8FDC-42A3-9474-1A3956D46DE8}") = "01_Host", "01_Host", "{F7634955-DE51-4D68-B777-0FDDD31A8932}"
EndProject
Project("{2150E333-8FDC-42A3-9474-1A3956D46DE8}") = "02_Application", "02_Application", "{7596FB83-DC5C-426C-B7B2-229A250592C1}"
EndProject
Project("{2150E333-8FDC-42A3-9474-1A3956D46DE8}") = "03_Domain", "03_Domain", "{3663EB25-73A4-42E1-8563-057A7115E3CC}"
EndProject
Project("{2150E333-8FDC-42A3-9474-1A3956D46DE8}") = "NewFolder1", "NewFolder1", "{F096A5D0-8C69-43C2-80F3-508635DF6835}"
EndProject
Project("{FAE04EC0-301F-11D3-BF4B-00C04F79EFBC}") = "HighFive.SmartCity.Domain.Entity", "HighFive.SmartCity.Domain.Entity\HighFive.SmartCity.Domain.Entity.csproj", "{F9005765-512F-44A5-8590-B979E0C2F4DC}"
EndProject
Global
	GlobalSection(SolutionConfigurationPlatforms) = preSolution
		Debug|Any CPU = Debug|Any CPU
		Release|Any CPU = Release|Any CPU
	EndGlobalSection
	GlobalSection(ProjectConfigurationPlatforms) = postSolution
		{5A9E36BB-4DDA-4B3B-9C8F-96E1D526D68B}.Debug|Any CPU.ActiveCfg = Debug|Any CPU
		{5A9E36BB-4DDA-4B3B-9C8F-96E1D526D68B}.Debug|Any CPU.Build.0 = Debug|Any CPU
		{5A9E36BB-4DDA-4B3B-9C8F-96E1D526D68B}.Release|Any CPU.ActiveCfg = Release|Any CPU
		{5A9E36BB-4DDA-4B3B-9C8F-96E1D526D68B}.Release|Any CPU.Build.0 = Release|Any CPU
		{B2F761AE-75B6-4B99-8C73-F1F76211A91A}.Debug|Any CPU.ActiveCfg = Debug|Any CPU
		{B2F761AE-75B6-4B99-8C73-F1F76211A91A}.Debug|Any CPU.Build.0 = Debug|Any CPU
		{B2F761AE-75B6-4B99-8C73-F1F76211A91A}.Release|Any CPU.ActiveCfg = Release|Any CPU
		{B2F761AE-75B6-4B99-8C73-F1F76211A91A}.Release|Any CPU.Build.0 = Release|Any CPU
		{F9005765-512F-44A5-8590-B979E0C2F4DC}.Debug|Any CPU.ActiveCfg = Debug|Any CPU
		{F9005765-512F-44A5-8590-B979E0C2F4DC}.Debug|Any CPU.Build.0 = Debug|Any CPU
		{F9005765-512F-44A5-8590-B979E0C2F4DC}.Release|Any CPU.ActiveCfg = Release|Any CPU
		{F9005765-512F-44A5-8590-B979E0C2F4DC}.Release|Any CPU.Build.0 = Release|Any CPU
	EndGlobalSection
	GlobalSection(SolutionProperties) = preSolution
		HideSolutionNode = FALSE
	EndGlobalSection
	GlobalSection(NestedProjects) = preSolution
		{5A9E36BB-4DDA-4B3B-9C8F-96E1D526D68B} = {F7634955-DE51-4D68-B777-0FDDD31A8932}
		{B2F761AE-75B6-4B99-8C73-F1F76211A91A} = {99906BA9-F390-4459-9E2F-14340A2E4279}
		{F9005765-512F-44A5-8590-B979E0C2F4DC} = {3663EB25-73A4-42E1-8563-057A7115E3CC}
	EndGlobalSection
	GlobalSection(ExtensibilityGlobals) = postSolution
		SolutionGuid = {33444254-9260-4495-B29F-A6142BF00E7E}
	EndGlobalSection
EndGlobal
